
Microsoft Visual Studio Solution File, Format Version 12.00
# Visual Studio Version 17
VisualStudioVersion = 17.1.32421.90
MinimumVisualStudioVersion = 10.0.40219.1
Project("{FAE04EC0-301F-11D3-BF4B-00C04F79EFBC}") = "meal-planning-api", "meal-planning-api\meal-planning-api.csproj", "{1E3AB9D4-9F2D-412F-B5A6-D3ADD65A22F5}"
EndProject
Global
	GlobalSection(SolutionConfigurationPlatforms) = preSolution
		Debug|Any CPU = Debug|Any CPU
		Release|Any CPU = Release|Any CPU
	EndGlobalSection
	GlobalSection(ProjectConfigurationPlatforms) = postSolution
		{1E3AB9D4-9F2D-412F-B5A6-D3ADD65A22F5}.Debug|Any CPU.ActiveCfg = Debug|Any CPU
		{1E3AB9D4-9F2D-412F-B5A6-D3ADD65A22F5}.Debug|Any CPU.Build.0 = Debug|Any CPU
		{1E3AB9D4-9F2D-412F-B5A6-D3ADD65A22F5}.Release|Any CPU.ActiveCfg = Release|Any CPU
		{1E3AB9D4-9F2D-412F-B5A6-D3ADD65A22F5}.Release|Any CPU.Build.0 = Release|Any CPU
	EndGlobalSection
	GlobalSection(SolutionProperties) = preSolution
		HideSolutionNode = FALSE
	EndGlobalSection
	GlobalSection(ExtensibilityGlobals) = postSolution
		SolutionGuid = {3460C780-BB24-49DE-A7BC-E2EFD92DBB28}
	EndGlobalSection
EndGlobal
